
Microsoft Visual Studio Solution File, Format Version 12.00
# Visual Studio Version 17
VisualStudioVersion = 17.13.35828.75 d17.13
MinimumVisualStudioVersion = 10.0.40219.1
Project("{FAE04EC0-301F-11D3-BF4B-00C04F79EFBC}") = "EmployeeMvc", "EmployeeMvc.csproj", "{31340240-E1D4-4F92-AD0B-26BFDE6B391B}"
EndProject
Global
	GlobalSection(SolutionConfigurationPlatforms) = preSolution
		Debug|Any CPU = Debug|Any CPU
		Release|Any CPU = Release|Any CPU
	EndGlobalSection
	GlobalSection(ProjectConfigurationPlatforms) = postSolution
		{31340240-E1D4-4F92-AD0B-26BFDE6B391B}.Debug|Any CPU.ActiveCfg = Debug|Any CPU
		{31340240-E1D4-4F92-AD0B-26BFDE6B391B}.Debug|Any CPU.Build.0 = Debug|Any CPU
		{31340240-E1D4-4F92-AD0B-26BFDE6B391B}.Release|Any CPU.ActiveCfg = Release|Any CPU
		{31340240-E1D4-4F92-AD0B-26BFDE6B391B}.Release|Any CPU.Build.0 = Release|Any CPU
	EndGlobalSection
	GlobalSection(SolutionProperties) = preSolution
		HideSolutionNode = FALSE
	EndGlobalSection
	GlobalSection(ExtensibilityGlobals) = postSolution
		SolutionGuid = {C7A8B7DF-C883-4561-8915-BF1436345778}
	EndGlobalSection
EndGlobal
